
Microsoft Visual Studio Solution File, Format Version 12.00
# Visual Studio 15
VisualStudioVersion = 15.0.27004.2006
MinimumVisualStudioVersion = 10.0.40219.1
Project("{FAE04EC0-301F-11D3-BF4B-00C04F79EFBC}") = "Pinger", "Pinger\Pinger.csproj", "{EA8F0490-FC6E-44D2-BD07-31096A427CD4}"
EndProject
Global
	GlobalSection(SolutionConfigurationPlatforms) = preSolution
		Debug|Any CPU = Debug|Any CPU
		Release|Any CPU = Release|Any CPU
	EndGlobalSection
	GlobalSection(ProjectConfigurationPlatforms) = postSolution
		{EA8F0490-FC6E-44D2-BD07-31096A427CD4}.Debug|Any CPU.ActiveCfg = Debug|Any CPU
		{EA8F0490-FC6E-44D2-BD07-31096A427CD4}.Debug|Any CPU.Build.0 = Debug|Any CPU
		{EA8F0490-FC6E-44D2-BD07-31096A427CD4}.Release|Any CPU.ActiveCfg = Release|Any CPU
		{EA8F0490-FC6E-44D2-BD07-31096A427CD4}.Release|Any CPU.Build.0 = Release|Any CPU
	EndGlobalSection
	GlobalSection(SolutionProperties) = preSolution
		HideSolutionNode = FALSE
	EndGlobalSection
	GlobalSection(ExtensibilityGlobals) = postSolution
		SolutionGuid = {55DBCED3-6FB5-4684-9691-1F3C1AEABC9E}
	EndGlobalSection
EndGlobal
